
Microsoft Visual Studio Solution File, Format Version 12.00
# Visual Studio 15
VisualStudioVersion = 15.0.27703.2035
MinimumVisualStudioVersion = 10.0.40219.1
Project("{9A19103F-16F7-4668-BE54-9A1E7A4F7556}") = "JWM.Clinic.API", "JWM.Clinic\JWM.Clinic.API.csproj", "{839CB90E-3D56-4E67-81E3-D9BF98F5F1BE}"
EndProject
Project("{2150E333-8FDC-42A3-9474-1A3956D46DE8}") = "Models", "Models", "{46C762B3-D773-482A-9CC3-0D926E534CAA}"
EndProject
Project("{9A19103F-16F7-4668-BE54-9A1E7A4F7556}") = "JWM.Clinic.Models", "JWM.Clinic.Models\JWM.Clinic.Models.csproj", "{C3385B96-2FE5-4C99-9557-87CD91DE0ED6}"
EndProject
Project("{2150E333-8FDC-42A3-9474-1A3956D46DE8}") = "AccessData", "AccessData", "{0CC23D7A-9BE0-49B6-B4EF-58774334B3AC}"
EndProject
Project("{9A19103F-16F7-4668-BE54-9A1E7A4F7556}") = "JWM.Clinic.AccessData.Entity", "JWM.Clinic.AccessData.Entity\JWM.Clinic.AccessData.Entity.csproj", "{8E4976A5-F56F-4E57-9CDB-217C3FCB3D7E}"
EndProject
Project("{2150E333-8FDC-42A3-9474-1A3956D46DE8}") = "Repositories", "Repositories", "{5BFC9B17-2D3B-49AA-903A-6A6F4B475149}"
EndProject
Project("{9A19103F-16F7-4668-BE54-9A1E7A4F7556}") = "JWM.Repositories.Comum", "JWM.Repositories.Comum\JWM.Repositories.Comum.csproj", "{05D214BD-FD39-48BA-8CA7-47A68EAE3C86}"
EndProject
Project("{FAE04EC0-301F-11D3-BF4B-00C04F79EFBC}") = "JWM.Repositories.Comum.Entity", "JWM.Repositories.Comum.Entity\JWM.Repositories.Comum.Entity.csproj", "{8D5B31B7-9DFA-4E0C-96DC-0A07A17A810D}"
EndProject
Project("{FAE04EC0-301F-11D3-BF4B-00C04F79EFBC}") = "JWM.Clinic.Repository.Entity", "JWM.Clinic.Repository.Entity\JWM.Clinic.Repository.Entity.csproj", "{05EA94B2-F32E-43E5-BE84-6B89DFDFFC30}"
EndProject
Project("{2150E333-8FDC-42A3-9474-1A3956D46DE8}") = "Services", "Services", "{FBDCA4A3-1AD6-423B-8C75-5F6946822E04}"
EndProject
Project("{FAE04EC0-301F-11D3-BF4B-00C04F79EFBC}") = "JWM.Services.Comum", "JWM.Services.Comum\JWM.Services.Comum.csproj", "{9726C1C3-255A-4D01-9209-F244FFD58106}"
EndProject
Project("{FAE04EC0-301F-11D3-BF4B-00C04F79EFBC}") = "JWM.Services", "JWM.Services\JWM.Services.csproj", "{556FD10D-68B9-4565-9FFC-5C176694FEA4}"
EndProject
Global
	GlobalSection(SolutionConfigurationPlatforms) = preSolution
		Debug|Any CPU = Debug|Any CPU
		Release|Any CPU = Release|Any CPU
	EndGlobalSection
	GlobalSection(ProjectConfigurationPlatforms) = postSolution
		{839CB90E-3D56-4E67-81E3-D9BF98F5F1BE}.Debug|Any CPU.ActiveCfg = Debug|Any CPU
		{839CB90E-3D56-4E67-81E3-D9BF98F5F1BE}.Debug|Any CPU.Build.0 = Debug|Any CPU
		{839CB90E-3D56-4E67-81E3-D9BF98F5F1BE}.Release|Any CPU.ActiveCfg = Release|Any CPU
		{839CB90E-3D56-4E67-81E3-D9BF98F5F1BE}.Release|Any CPU.Build.0 = Release|Any CPU
		{C3385B96-2FE5-4C99-9557-87CD91DE0ED6}.Debug|Any CPU.ActiveCfg = Debug|Any CPU
		{C3385B96-2FE5-4C99-9557-87CD91DE0ED6}.Debug|Any CPU.Build.0 = Debug|Any CPU
		{C3385B96-2FE5-4C99-9557-87CD91DE0ED6}.Release|Any CPU.ActiveCfg = Release|Any CPU
		{C3385B96-2FE5-4C99-9557-87CD91DE0ED6}.Release|Any CPU.Build.0 = Release|Any CPU
		{8E4976A5-F56F-4E57-9CDB-217C3FCB3D7E}.Debug|Any CPU.ActiveCfg = Debug|Any CPU
		{8E4976A5-F56F-4E57-9CDB-217C3FCB3D7E}.Debug|Any CPU.Build.0 = Debug|Any CPU
		{8E4976A5-F56F-4E57-9CDB-217C3FCB3D7E}.Release|Any CPU.ActiveCfg = Release|Any CPU
		{8E4976A5-F56F-4E57-9CDB-217C3FCB3D7E}.Release|Any CPU.Build.0 = Release|Any CPU
		{05D214BD-FD39-48BA-8CA7-47A68EAE3C86}.Debug|Any CPU.ActiveCfg = Debug|Any CPU
		{05D214BD-FD39-48BA-8CA7-47A68EAE3C86}.Debug|Any CPU.Build.0 = Debug|Any CPU
		{05D214BD-FD39-48BA-8CA7-47A68EAE3C86}.Release|Any CPU.ActiveCfg = Release|Any CPU
		{05D214BD-FD39-48BA-8CA7-47A68EAE3C86}.Release|Any CPU.Build.0 = Release|Any CPU
		{8D5B31B7-9DFA-4E0C-96DC-0A07A17A810D}.Debug|Any CPU.ActiveCfg = Debug|Any CPU
		{8D5B31B7-9DFA-4E0C-96DC-0A07A17A810D}.Debug|Any CPU.Build.0 = Debug|Any CPU
		{8D5B31B7-9DFA-4E0C-96DC-0A07A17A810D}.Release|Any CPU.ActiveCfg = Release|Any CPU
		{8D5B31B7-9DFA-4E0C-96DC-0A07A17A810D}.Release|Any CPU.Build.0 = Release|Any CPU
		{05EA94B2-F32E-43E5-BE84-6B89DFDFFC30}.Debug|Any CPU.ActiveCfg = Debug|Any CPU
		{05EA94B2-F32E-43E5-BE84-6B89DFDFFC30}.Debug|Any CPU.Build.0 = Debug|Any CPU
		{05EA94B2-F32E-43E5-BE84-6B89DFDFFC30}.Release|Any CPU.ActiveCfg = Release|Any CPU
		{05EA94B2-F32E-43E5-BE84-6B89DFDFFC30}.Release|Any CPU.Build.0 = Release|Any CPU
		{9726C1C3-255A-4D01-9209-F244FFD58106}.Debug|Any CPU.ActiveCfg = Debug|Any CPU
		{9726C1C3-255A-4D01-9209-F244FFD58106}.Debug|Any CPU.Build.0 = Debug|Any CPU
		{9726C1C3-255A-4D01-9209-F244FFD58106}.Release|Any CPU.ActiveCfg = Release|Any CPU
		{9726C1C3-255A-4D01-9209-F244FFD58106}.Release|Any CPU.Build.0 = Release|Any CPU
		{556FD10D-68B9-4565-9FFC-5C176694FEA4}.Debug|Any CPU.ActiveCfg = Debug|Any CPU
		{556FD10D-68B9-4565-9FFC-5C176694FEA4}.Debug|Any CPU.Build.0 = Debug|Any CPU
		{556FD10D-68B9-4565-9FFC-5C176694FEA4}.Release|Any CPU.ActiveCfg = Release|Any CPU
		{556FD10D-68B9-4565-9FFC-5C176694FEA4}.Release|Any CPU.Build.0 = Release|Any CPU
	EndGlobalSection
	GlobalSection(SolutionProperties) = preSolution
		HideSolutionNode = FALSE
	EndGlobalSection
	GlobalSection(NestedProjects) = preSolution
		{C3385B96-2FE5-4C99-9557-87CD91DE0ED6} = {46C762B3-D773-482A-9CC3-0D926E534CAA}
		{8E4976A5-F56F-4E57-9CDB-217C3FCB3D7E} = {0CC23D7A-9BE0-49B6-B4EF-58774334B3AC}
		{05D214BD-FD39-48BA-8CA7-47A68EAE3C86} = {5BFC9B17-2D3B-49AA-903A-6A6F4B475149}
		{8D5B31B7-9DFA-4E0C-96DC-0A07A17A810D} = {5BFC9B17-2D3B-49AA-903A-6A6F4B475149}
		{05EA94B2-F32E-43E5-BE84-6B89DFDFFC30} = {5BFC9B17-2D3B-49AA-903A-6A6F4B475149}
		{9726C1C3-255A-4D01-9209-F244FFD58106} = {FBDCA4A3-1AD6-423B-8C75-5F6946822E04}
		{556FD10D-68B9-4565-9FFC-5C176694FEA4} = {FBDCA4A3-1AD6-423B-8C75-5F6946822E04}
	EndGlobalSection
	GlobalSection(ExtensibilityGlobals) = postSolution
		SolutionGuid = {BE2CBC79-9A3E-45D0-B5A8-62ED8558F928}
	EndGlobalSection
EndGlobal
