
Microsoft Visual Studio Solution File, Format Version 12.00
# Visual Studio 15
VisualStudioVersion = 15.0.27703.2035
MinimumVisualStudioVersion = 10.0.40219.1
Project("{FAE04EC0-301F-11D3-BF4B-00C04F79EFBC}") = "JWM.Clinic.API", "JWM.Clinic\JWM.Clinic.API.csproj", "{839CB90E-3D56-4E67-81E3-D9BF98F5F1BE}"
EndProject
Project("{2150E333-8FDC-42A3-9474-1A3956D46DE8}") = "Models", "Models", "{46C762B3-D773-482A-9CC3-0D926E534CAA}"
EndProject
Project("{FAE04EC0-301F-11D3-BF4B-00C04F79EFBC}") = "JWM.Clinic.Models", "JWM.Clinic.Models\JWM.Clinic.Models.csproj", "{C3385B96-2FE5-4C99-9557-87CD91DE0ED6}"
EndProject
Project("{2150E333-8FDC-42A3-9474-1A3956D46DE8}") = "AccessData", "AccessData", "{0CC23D7A-9BE0-49B6-B4EF-58774334B3AC}"
EndProject
Project("{FAE04EC0-301F-11D3-BF4B-00C04F79EFBC}") = "JWM.Clinic.AccessData.Entity", "JWM.Clinic.AccessData.Entity\JWM.Clinic.AccessData.Entity.csproj", "{8E4976A5-F56F-4E57-9CDB-217C3FCB3D7E}"
EndProject
Global
	GlobalSection(SolutionConfigurationPlatforms) = preSolution
		Debug|Any CPU = Debug|Any CPU
		Release|Any CPU = Release|Any CPU
	EndGlobalSection
	GlobalSection(ProjectConfigurationPlatforms) = postSolution
		{839CB90E-3D56-4E67-81E3-D9BF98F5F1BE}.Debug|Any CPU.ActiveCfg = Debug|Any CPU
		{839CB90E-3D56-4E67-81E3-D9BF98F5F1BE}.Debug|Any CPU.Build.0 = Debug|Any CPU
		{839CB90E-3D56-4E67-81E3-D9BF98F5F1BE}.Release|Any CPU.ActiveCfg = Release|Any CPU
		{839CB90E-3D56-4E67-81E3-D9BF98F5F1BE}.Release|Any CPU.Build.0 = Release|Any CPU
		{C3385B96-2FE5-4C99-9557-87CD91DE0ED6}.Debug|Any CPU.ActiveCfg = Debug|Any CPU
		{C3385B96-2FE5-4C99-9557-87CD91DE0ED6}.Debug|Any CPU.Build.0 = Debug|Any CPU
		{C3385B96-2FE5-4C99-9557-87CD91DE0ED6}.Release|Any CPU.ActiveCfg = Release|Any CPU
		{C3385B96-2FE5-4C99-9557-87CD91DE0ED6}.Release|Any CPU.Build.0 = Release|Any CPU
		{8E4976A5-F56F-4E57-9CDB-217C3FCB3D7E}.Debug|Any CPU.ActiveCfg = Debug|Any CPU
		{8E4976A5-F56F-4E57-9CDB-217C3FCB3D7E}.Debug|Any CPU.Build.0 = Debug|Any CPU
		{8E4976A5-F56F-4E57-9CDB-217C3FCB3D7E}.Release|Any CPU.ActiveCfg = Release|Any CPU
		{8E4976A5-F56F-4E57-9CDB-217C3FCB3D7E}.Release|Any CPU.Build.0 = Release|Any CPU
	EndGlobalSection
	GlobalSection(SolutionProperties) = preSolution
		HideSolutionNode = FALSE
	EndGlobalSection
	GlobalSection(NestedProjects) = preSolution
		{C3385B96-2FE5-4C99-9557-87CD91DE0ED6} = {46C762B3-D773-482A-9CC3-0D926E534CAA}
		{8E4976A5-F56F-4E57-9CDB-217C3FCB3D7E} = {0CC23D7A-9BE0-49B6-B4EF-58774334B3AC}
	EndGlobalSection
	GlobalSection(ExtensibilityGlobals) = postSolution
		SolutionGuid = {BE2CBC79-9A3E-45D0-B5A8-62ED8558F928}
	EndGlobalSection
EndGlobal
